<?xml version="1.0" encoding="utf-8"?>
<Project ToolsVersion="4.0" xmlns="http://schemas.microsoft.com/developer/msbuild/2003">
  <ItemGroup>
    <Filter Include="Source Files">
      <UniqueIdentifier>{4FC737F1-C7A5-4376-A066-2A32D752A2FF}</UniqueIdentifier>
      <Extensions>cpp;c;cc;cxx;def;odl;idl;hpj;bat;asm;asmx</Extensions>
    </Filter>
    <Filter Include="Header Files">
      <UniqueIdentifier>{93995380-89BD-4b04-88EB-625FBE52EBFB}</UniqueIdentifier>
      <Extensions>h;hh;hpp;hxx;hm;inl;inc;ipp;xsd</Extensions>
    </Filter>
    <Filter Include="Resource Files">
      <UniqueIdentifier>{67DA6AB6-F800-4c08-8B7A-83BB121AAD01}</UniqueIdentifier>
      <Extensions>rc;ico;cur;bmp;dlg;rc2;rct;bin;rgs;gif;jpg;jpeg;jpe;resx;tiff;tif;png;wav;mfcribbon-ms</Extensions>
    </Filter>
    <Filter Include="Source Files\Dependencies">
      <UniqueIdentifier>{d704a6e2-22b4-474b-9616-ed8b548552d1}</UniqueIdentifier>
    </Filter>
    <Filter Include="Source Files\Widgets">
      <UniqueIdentifier>{10472eba-7ddc-4f6d-9820-90a5b9ce2ac3}</UniqueIdentifier>
    </Filter>
    <Filter Include="Widgets">
      <UniqueIdentifier>{923a64a9-2ae5-46c2-b0e9-f3ae038637ba}</UniqueIdentifier>
    </Filter>
    <Filter Include="Source Files\Lua Modules">
      <UniqueIdentifier>{3b3eb0d7-29a8-4620-9959-c8d4d6f5bf0d}</UniqueIdentifier>
    </Filter>
    <Filter Include="Source Files\Lua Modules\OpenGL">
      <UniqueIdentifier>{22d28e86-19da-458d-b5e7-9d8ee91baee8}</UniqueIdentifier>
    </Filter>
    <Filter Include="Source Files\Lua Modules\Global">
      <UniqueIdentifier>{fb0c1ff7-787c-45b8-b798-c856bd92cdf0}</UniqueIdentifier>
    </Filter>
    <Filter Include="Widgets\Base">
      <UniqueIdentifier>{e8333d84-bc2b-4542-8a6d-6de2da38976d}</UniqueIdentifier>
    </Filter>
  </ItemGroup>
  <ItemGroup>
    <ClCompile Include="GLtypes.cpp">
      <Filter>Source Files</Filter>
    </ClCompile>
    <ClCompile Include="widget.cpp">
      <Filter>Source Files</Filter>
    </ClCompile>
    <ClCompile Include="type_helpers.cpp">
      <Filter>Source Files</Filter>
    </ClCompile>
    <ClCompile Include="app.cpp">
      <Filter>Source Files</Filter>
    </ClCompile>
    <ClCompile Include="texture.cpp">
      <Filter>Source Files</Filter>
    </ClCompile>
    <ClCompile Include="Widgets\glsl_widget.cpp">
      <Filter>Source Files\Widgets</Filter>
    </ClCompile>
    <ClCompile Include="..\dependencies\imgui\imgui.cpp">
      <Filter>Source Files\Dependencies</Filter>
    </ClCompile>
    <ClCompile Include="..\dependencies\imgui\imgui_demo.cpp">
      <Filter>Source Files\Dependencies</Filter>
    </ClCompile>
    <ClCompile Include="..\dependencies\imgui\imgui_widgets.cpp">
      <Filter>Source Files\Dependencies</Filter>
    </ClCompile>
    <ClCompile Include="..\dependencies\rtmidi\RtMidi.cpp">
      <Filter>Source Files\Dependencies</Filter>
    </ClCompile>
    <ClCompile Include="..\dependencies\imgui\imgui_draw.cpp">
      <Filter>Source Files\Dependencies</Filter>
    </ClCompile>
    <ClCompile Include="widgets\particle_widget.cpp">
      <Filter>Source Files\Widgets</Filter>
    </ClCompile>
    <ClCompile Include="global_events.cpp">
      <Filter>Source Files</Filter>
    </ClCompile>
    <ClCompile Include="lua_modules.cpp">
      <Filter>Source Files</Filter>
    </ClCompile>
    <ClCompile Include="lua_modules\gl\mod_gl_base.cpp">
      <Filter>Source Files\Lua Modules\OpenGL</Filter>
    </ClCompile>
    <ClCompile Include="lua_modules\gl\mod_gl_program.cpp">
      <Filter>Source Files\Lua Modules\OpenGL</Filter>
    </ClCompile>
    <ClCompile Include="lua_modules\global\mod_refrakt.cpp">
      <Filter>Source Files\Lua Modules\Global</Filter>
    </ClCompile>
    <ClCompile Include="lua_modules\gl\mod_gl_buffers.cpp">
      <Filter>Source Files\Lua Modules\OpenGL</Filter>
    </ClCompile>
    <ClCompile Include="log.cpp">
      <Filter>Source Files</Filter>
    </ClCompile>
    <ClCompile Include="Widgets\lua_widget.cpp">
      <Filter>Source Files\Widgets</Filter>
    </ClCompile>
    <ClCompile Include="..\dependencies\imgui\examples\imgui_impl_glfw.cpp">
      <Filter>Source Files\Dependencies</Filter>
    </ClCompile>
    <ClCompile Include="..\dependencies\imgui\examples\imgui_impl_opengl3.cpp">
      <Filter>Source Files\Dependencies</Filter>
    </ClCompile>
  </ItemGroup>
  <ItemGroup>
    <None Include="..\settings.json">
      <Filter>Resource Files</Filter>
    </None>
    <None Include="..\widgets\density.frag">
      <Filter>Widgets</Filter>
    </None>
    <None Include="..\widgets\fern.frag">
      <Filter>Widgets</Filter>
    </None>
    <None Include="..\widgets\gradient.frag">
      <Filter>Widgets</Filter>
    </None>
    <None Include="..\widgets\invert.frag">
      <Filter>Widgets</Filter>
    </None>
    <None Include="..\widgets\random.frag">
      <Filter>Widgets</Filter>
    </None>
    <None Include="..\widgets\tone.frag">
      <Filter>Widgets</Filter>
    </None>
    <None Include="..\widgets\pickover.frag">
      <Filter>Widgets</Filter>
    </None>
    <None Include="..\widgets\particle.lua">
      <Filter>Widgets</Filter>
    </None>
    <None Include="..\widgets\base\opengl_fragment.lua">
      <Filter>Widgets\Base</Filter>
    </None>
    <None Include="..\widgets\escape.frag">
      <Filter>Widgets</Filter>
    </None>
    <None Include="..\widgets\blur.frag">
      <Filter>Widgets</Filter>
    </None>
    <None Include="..\widgets\newton.frag">
      <Filter>Widgets</Filter>
    </None>
  </ItemGroup>
  <ItemGroup>
    <ClInclude Include="include\factory.hpp">
      <Filter>Header Files</Filter>
    </ClInclude>
    <ClInclude Include="include\global_events.hpp">
      <Filter>Header Files</Filter>
    </ClInclude>
    <ClInclude Include="include\GLtypes.hpp">
      <Filter>Header Files</Filter>
    </ClInclude>
    <ClInclude Include="include\texture.hpp">
      <Filter>Header Files</Filter>
    </ClInclude>
    <ClInclude Include="include\type_helpers.hpp">
      <Filter>Header Files</Filter>
    </ClInclude>
    <ClInclude Include="include\widget.hpp">
      <Filter>Header Files</Filter>
    </ClInclude>
    <ClInclude Include="include\lua_modules.hpp">
      <Filter>Header Files</Filter>
    </ClInclude>
    <ClInclude Include="include\log.hpp">
      <Filter>Header Files</Filter>
    </ClInclude>
    <ClInclude Include="include\fixed_vector.hpp">
      <Filter>Header Files</Filter>
    </ClInclude>
  </ItemGroup>
</Project>